
Microsoft Visual Studio Solution File, Format Version 12.00
# Visual Studio Version 17
VisualStudioVersion = 17.14.36518.9 d17.14
MinimumVisualStudioVersion = 10.0.40219.1
Project("{FAE04EC0-301F-11D3-BF4B-00C04F79EFBC}") = "IdentityService.API", "IdentityService.API\IdentityService.API.csproj", "{0D6723DC-8530-499B-8C18-88464E6CC9DC}"
EndProject
Project("{FAE04EC0-301F-11D3-BF4B-00C04F79EFBC}") = "AuctionService.API", "AuctionService.API\AuctionService.API.csproj", "{D454BC46-A039-4D9A-9BCB-93F636B849DE}"
EndProject
Project("{FAE04EC0-301F-11D3-BF4B-00C04F79EFBC}") = "BiddingService.API", "BiddingService.API\BiddingService.API.csproj", "{662ABC3F-00B3-4A38-8590-0C17E4432E6F}"
EndProject
Project("{FAE04EC0-301F-11D3-BF4B-00C04F79EFBC}") = "PaymentService.API", "PaymentService.API\PaymentService.API.csproj", "{C7FCD33E-91C2-4484-9958-A3C631C891B8}"
EndProject
Project("{FAE04EC0-301F-11D3-BF4B-00C04F79EFBC}") = "ReviewService.API", "ReviewService.API\ReviewService.API.csproj", "{75E35065-EBA4-4546-A9AF-6121103DC0D4}"
EndProject
Global
	GlobalSection(SolutionConfigurationPlatforms) = preSolution
		Debug|Any CPU = Debug|Any CPU
		Release|Any CPU = Release|Any CPU
	EndGlobalSection
	GlobalSection(ProjectConfigurationPlatforms) = postSolution
		{0D6723DC-8530-499B-8C18-88464E6CC9DC}.Debug|Any CPU.ActiveCfg = Debug|Any CPU
		{0D6723DC-8530-499B-8C18-88464E6CC9DC}.Debug|Any CPU.Build.0 = Debug|Any CPU
		{0D6723DC-8530-499B-8C18-88464E6CC9DC}.Release|Any CPU.ActiveCfg = Release|Any CPU
		{0D6723DC-8530-499B-8C18-88464E6CC9DC}.Release|Any CPU.Build.0 = Release|Any CPU
		{D454BC46-A039-4D9A-9BCB-93F636B849DE}.Debug|Any CPU.ActiveCfg = Debug|Any CPU
		{D454BC46-A039-4D9A-9BCB-93F636B849DE}.Debug|Any CPU.Build.0 = Debug|Any CPU
		{D454BC46-A039-4D9A-9BCB-93F636B849DE}.Release|Any CPU.ActiveCfg = Release|Any CPU
		{D454BC46-A039-4D9A-9BCB-93F636B849DE}.Release|Any CPU.Build.0 = Release|Any CPU
		{662ABC3F-00B3-4A38-8590-0C17E4432E6F}.Debug|Any CPU.ActiveCfg = Debug|Any CPU
		{662ABC3F-00B3-4A38-8590-0C17E4432E6F}.Debug|Any CPU.Build.0 = Debug|Any CPU
		{662ABC3F-00B3-4A38-8590-0C17E4432E6F}.Release|Any CPU.ActiveCfg = Release|Any CPU
		{662ABC3F-00B3-4A38-8590-0C17E4432E6F}.Release|Any CPU.Build.0 = Release|Any CPU
		{C7FCD33E-91C2-4484-9958-A3C631C891B8}.Debug|Any CPU.ActiveCfg = Debug|Any CPU
		{C7FCD33E-91C2-4484-9958-A3C631C891B8}.Debug|Any CPU.Build.0 = Debug|Any CPU
		{C7FCD33E-91C2-4484-9958-A3C631C891B8}.Release|Any CPU.ActiveCfg = Release|Any CPU
		{C7FCD33E-91C2-4484-9958-A3C631C891B8}.Release|Any CPU.Build.0 = Release|Any CPU
		{75E35065-EBA4-4546-A9AF-6121103DC0D4}.Debug|Any CPU.ActiveCfg = Debug|Any CPU
		{75E35065-EBA4-4546-A9AF-6121103DC0D4}.Debug|Any CPU.Build.0 = Debug|Any CPU
		{75E35065-EBA4-4546-A9AF-6121103DC0D4}.Release|Any CPU.ActiveCfg = Release|Any CPU
		{75E35065-EBA4-4546-A9AF-6121103DC0D4}.Release|Any CPU.Build.0 = Release|Any CPU
	EndGlobalSection
	GlobalSection(SolutionProperties) = preSolution
		HideSolutionNode = FALSE
	EndGlobalSection
	GlobalSection(ExtensibilityGlobals) = postSolution
		SolutionGuid = {A71E82F5-12D0-4E2D-80C0-8F52DE497C16}
	EndGlobalSection
EndGlobal
